
Microsoft Visual Studio Solution File, Format Version 12.00
# Visual Studio Version 17
VisualStudioVersion = 17.0.32112.339
MinimumVisualStudioVersion = 10.0.40219.1
Project("{FAE04EC0-301F-11D3-BF4B-00C04F79EFBC}") = "Lista2Exerc1", "Lista2Exerc1\Lista2Exerc1.csproj", "{09512631-0767-41C7-912A-53AA67770D54}"
EndProject
Project("{FAE04EC0-301F-11D3-BF4B-00C04F79EFBC}") = "Lista2Exerc2", "Lista2Exerc2\Lista2Exerc2.csproj", "{ACD94477-F16D-4C14-A585-063622C0485F}"
EndProject
Project("{FAE04EC0-301F-11D3-BF4B-00C04F79EFBC}") = "Lista2Exerc3", "Lista2Exerc3\Lista2Exerc3.csproj", "{6B247562-5A34-43AF-B3B3-61236284ADF8}"
EndProject
Project("{FAE04EC0-301F-11D3-BF4B-00C04F79EFBC}") = "Lista2Exerc4", "Lista2Exerc4\Lista2Exerc4.csproj", "{581EDC57-4F63-466A-86A7-53E28FA94723}"
EndProject
Project("{FAE04EC0-301F-11D3-BF4B-00C04F79EFBC}") = "Lista2Exerc5", "Lista2Exerc5\Lista2Exerc5.csproj", "{08F652D9-778E-415F-B923-054CB729CC7A}"
EndProject
Global
	GlobalSection(SolutionConfigurationPlatforms) = preSolution
		Debug|Any CPU = Debug|Any CPU
		Release|Any CPU = Release|Any CPU
	EndGlobalSection
	GlobalSection(ProjectConfigurationPlatforms) = postSolution
		{09512631-0767-41C7-912A-53AA67770D54}.Debug|Any CPU.ActiveCfg = Debug|Any CPU
		{09512631-0767-41C7-912A-53AA67770D54}.Debug|Any CPU.Build.0 = Debug|Any CPU
		{09512631-0767-41C7-912A-53AA67770D54}.Release|Any CPU.ActiveCfg = Release|Any CPU
		{09512631-0767-41C7-912A-53AA67770D54}.Release|Any CPU.Build.0 = Release|Any CPU
		{ACD94477-F16D-4C14-A585-063622C0485F}.Debug|Any CPU.ActiveCfg = Debug|Any CPU
		{ACD94477-F16D-4C14-A585-063622C0485F}.Debug|Any CPU.Build.0 = Debug|Any CPU
		{ACD94477-F16D-4C14-A585-063622C0485F}.Release|Any CPU.ActiveCfg = Release|Any CPU
		{ACD94477-F16D-4C14-A585-063622C0485F}.Release|Any CPU.Build.0 = Release|Any CPU
		{6B247562-5A34-43AF-B3B3-61236284ADF8}.Debug|Any CPU.ActiveCfg = Debug|Any CPU
		{6B247562-5A34-43AF-B3B3-61236284ADF8}.Debug|Any CPU.Build.0 = Debug|Any CPU
		{6B247562-5A34-43AF-B3B3-61236284ADF8}.Release|Any CPU.ActiveCfg = Release|Any CPU
		{6B247562-5A34-43AF-B3B3-61236284ADF8}.Release|Any CPU.Build.0 = Release|Any CPU
		{581EDC57-4F63-466A-86A7-53E28FA94723}.Debug|Any CPU.ActiveCfg = Debug|Any CPU
		{581EDC57-4F63-466A-86A7-53E28FA94723}.Debug|Any CPU.Build.0 = Debug|Any CPU
		{581EDC57-4F63-466A-86A7-53E28FA94723}.Release|Any CPU.ActiveCfg = Release|Any CPU
		{581EDC57-4F63-466A-86A7-53E28FA94723}.Release|Any CPU.Build.0 = Release|Any CPU
		{08F652D9-778E-415F-B923-054CB729CC7A}.Debug|Any CPU.ActiveCfg = Debug|Any CPU
		{08F652D9-778E-415F-B923-054CB729CC7A}.Debug|Any CPU.Build.0 = Debug|Any CPU
		{08F652D9-778E-415F-B923-054CB729CC7A}.Release|Any CPU.ActiveCfg = Release|Any CPU
		{08F652D9-778E-415F-B923-054CB729CC7A}.Release|Any CPU.Build.0 = Release|Any CPU
	EndGlobalSection
	GlobalSection(SolutionProperties) = preSolution
		HideSolutionNode = FALSE
	EndGlobalSection
	GlobalSection(ExtensibilityGlobals) = postSolution
		SolutionGuid = {60EA89E3-ED84-42E6-B399-C90EA02FC63E}
	EndGlobalSection
EndGlobal
